
Microsoft Visual Studio Solution File, Format Version 12.00
# Visual Studio 15
VisualStudioVersion = 15.0.28307.168
MinimumVisualStudioVersion = 10.0.40219.1
Project("{FAE04EC0-301F-11D3-BF4B-00C04F79EFBC}") = "Angad_C0732104_Week05", "Angad_C0732104_Week05\Angad_C0732104_Week05.csproj", "{FE9C5576-36B1-4F85-9F8B-117875E0CAEE}"
EndProject
Global
	GlobalSection(SolutionConfigurationPlatforms) = preSolution
		Debug|Any CPU = Debug|Any CPU
		Release|Any CPU = Release|Any CPU
	EndGlobalSection
	GlobalSection(ProjectConfigurationPlatforms) = postSolution
		{FE9C5576-36B1-4F85-9F8B-117875E0CAEE}.Debug|Any CPU.ActiveCfg = Debug|Any CPU
		{FE9C5576-36B1-4F85-9F8B-117875E0CAEE}.Debug|Any CPU.Build.0 = Debug|Any CPU
		{FE9C5576-36B1-4F85-9F8B-117875E0CAEE}.Release|Any CPU.ActiveCfg = Release|Any CPU
		{FE9C5576-36B1-4F85-9F8B-117875E0CAEE}.Release|Any CPU.Build.0 = Release|Any CPU
	EndGlobalSection
	GlobalSection(SolutionProperties) = preSolution
		HideSolutionNode = FALSE
	EndGlobalSection
	GlobalSection(ExtensibilityGlobals) = postSolution
		SolutionGuid = {2BB392A1-DE84-438A-A77F-11DBAC140D7C}
	EndGlobalSection
EndGlobal
